
Microsoft Visual Studio Solution File, Format Version 12.00
# Visual Studio Version 17
VisualStudioVersion = 17.10.35013.160
MinimumVisualStudioVersion = 10.0.40219.1
Project("{FAE04EC0-301F-11D3-BF4B-00C04F79EFBC}") = "LibraryManagementSystem", "LibraryManagementSystem\LibraryManagementSystem.csproj", "{E520B4E5-9636-43B2-9E2A-4B974FD88F7B}"
EndProject
Global
	GlobalSection(SolutionConfigurationPlatforms) = preSolution
		Debug|Any CPU = Debug|Any CPU
		Release|Any CPU = Release|Any CPU
	EndGlobalSection
	GlobalSection(ProjectConfigurationPlatforms) = postSolution
		{E520B4E5-9636-43B2-9E2A-4B974FD88F7B}.Debug|Any CPU.ActiveCfg = Debug|Any CPU
		{E520B4E5-9636-43B2-9E2A-4B974FD88F7B}.Debug|Any CPU.Build.0 = Debug|Any CPU
		{E520B4E5-9636-43B2-9E2A-4B974FD88F7B}.Release|Any CPU.ActiveCfg = Release|Any CPU
		{E520B4E5-9636-43B2-9E2A-4B974FD88F7B}.Release|Any CPU.Build.0 = Release|Any CPU
	EndGlobalSection
	GlobalSection(SolutionProperties) = preSolution
		HideSolutionNode = FALSE
	EndGlobalSection
	GlobalSection(ExtensibilityGlobals) = postSolution
		SolutionGuid = {039427DA-3C95-4121-9217-44CDA066078C}
	EndGlobalSection
EndGlobal
