
Microsoft Visual Studio Solution File, Format Version 12.00
# Visual Studio Version 17
VisualStudioVersion = 17.10.35013.160
MinimumVisualStudioVersion = 10.0.40219.1
Project("{FAE04EC0-301F-11D3-BF4B-00C04F79EFBC}") = "LMS", "LMS\LMS.csproj", "{0A347429-0A55-4FF2-A382-ECC721B50794}"
EndProject
Global
	GlobalSection(SolutionConfigurationPlatforms) = preSolution
		Debug|Any CPU = Debug|Any CPU
		Release|Any CPU = Release|Any CPU
	EndGlobalSection
	GlobalSection(ProjectConfigurationPlatforms) = postSolution
		{0A347429-0A55-4FF2-A382-ECC721B50794}.Debug|Any CPU.ActiveCfg = Debug|Any CPU
		{0A347429-0A55-4FF2-A382-ECC721B50794}.Debug|Any CPU.Build.0 = Debug|Any CPU
		{0A347429-0A55-4FF2-A382-ECC721B50794}.Release|Any CPU.ActiveCfg = Release|Any CPU
		{0A347429-0A55-4FF2-A382-ECC721B50794}.Release|Any CPU.Build.0 = Release|Any CPU
	EndGlobalSection
	GlobalSection(SolutionProperties) = preSolution
		HideSolutionNode = FALSE
	EndGlobalSection
	GlobalSection(ExtensibilityGlobals) = postSolution
		SolutionGuid = {29FE7DF2-5D2D-47A1-BC12-2E25B2B3128D}
	EndGlobalSection
EndGlobal
